// !$*UTF8*$!
{
	archiveVersion = 1;
	classes = {
	};
	objectVersion = 46;
	objects = {

/* Begin PBXBuildFile section */
		17465899671CFEC604519EE5 /* libPods-DotPayTestApp.a in Frameworks */ = {isa = PBXBuildFile; fileRef = 7409F40DCABA08A1BE318EF4 /* libPods-DotPayTestApp.a */; };
		4A8265881AA9CA920016F5C8 /* main.m in Sources */ = {isa = PBXBuildFile; fileRef = 4A8265871AA9CA920016F5C8 /* main.m */; };
		4A82658B1AA9CA920016F5C8 /* AppDelegate.m in Sources */ = {isa = PBXBuildFile; fileRef = 4A82658A1AA9CA920016F5C8 /* AppDelegate.m */; };
		4A8265941AA9CA920016F5C8 /* Main.storyboard in Resources */ = {isa = PBXBuildFile; fileRef = 4A8265921AA9CA920016F5C8 /* Main.storyboard */; };
		4A8265961AA9CA920016F5C8 /* Images.xcassets in Resources */ = {isa = PBXBuildFile; fileRef = 4A8265951AA9CA920016F5C8 /* Images.xcassets */; };
		4A8265991AA9CA920016F5C8 /* LaunchScreen.xib in Resources */ = {isa = PBXBuildFile; fileRef = 4A8265971AA9CA920016F5C8 /* LaunchScreen.xib */; };
		A0962DB21DAB669B0032D1CC /* TestModalCardRegistrationViewController.m in Sources */ = {isa = PBXBuildFile; fileRef = A0962DB11DAB669B0032D1CC /* TestModalCardRegistrationViewController.m */; };
		A1BB71C41D9135B5004D11C9 /* AddInfoViewController.m in Sources */ = {isa = PBXBuildFile; fileRef = A1BB71C21D9135B5004D11C9 /* AddInfoViewController.m */; };
		A1BB71C51D9135B5004D11C9 /* AddInfoViewController.xib in Resources */ = {isa = PBXBuildFile; fileRef = A1BB71C31D9135B5004D11C9 /* AddInfoViewController.xib */; };
		B2ADC2A08F7307BC086F5705 /* ViewController.m in Sources */ = {isa = PBXBuildFile; fileRef = B2ADCDB6D883F4F8BD6594C8 /* ViewController.m */; };
		B2ADC3A70EC160B39D0EF782 /* AdditionalInfo.m in Sources */ = {isa = PBXBuildFile; fileRef = B2ADC282458B6CE9EA2ECE0C /* AdditionalInfo.m */; };
		B2ADC4FC15B318F88C7E7E8E /* AdditionalInfoTableViewController.m in Sources */ = {isa = PBXBuildFile; fileRef = B2ADC6786355F09417182DFB /* AdditionalInfoTableViewController.m */; };
		B2ADCC4C2C983800D76E3E13 /* AdditionalInfoCellTableViewCell.m in Sources */ = {isa = PBXBuildFile; fileRef = B2ADC14F6AFDFE52870D1C7D /* AdditionalInfoCellTableViewCell.m */; };
		C680FE2E205814CD00FF62D1 /* DotPaySDK.framework in Frameworks */ = {isa = PBXBuildFile; fileRef = 4FB82D411B7116C100CBDA89 /* DotPaySDK.framework */; };
		CB32D396212EB753008BC5A1 /* UIAlertController+ShowOnTopViewController.m in Sources */ = {isa = PBXBuildFile; fileRef = CB32D395212EB753008BC5A1 /* UIAlertController+ShowOnTopViewController.m */; };
/* End PBXBuildFile section */

/* Begin PBXFileReference section */
		4A8265821AA9CA920016F5C8 /* DotPayTestApp.app */ = {isa = PBXFileReference; explicitFileType = wrapper.application; includeInIndex = 0; path = DotPayTestApp.app; sourceTree = BUILT_PRODUCTS_DIR; };
		4A8265861AA9CA920016F5C8 /* Info.plist */ = {isa = PBXFileReference; lastKnownFileType = text.plist.xml; path = Info.plist; sourceTree = "<group>"; };
		4A8265871AA9CA920016F5C8 /* main.m */ = {isa = PBXFileReference; lastKnownFileType = sourcecode.c.objc; path = main.m; sourceTree = "<group>"; };
		4A8265891AA9CA920016F5C8 /* AppDelegate.h */ = {isa = PBXFileReference; lastKnownFileType = sourcecode.c.h; path = AppDelegate.h; sourceTree = "<group>"; };
		4A82658A1AA9CA920016F5C8 /* AppDelegate.m */ = {isa = PBXFileReference; lastKnownFileType = sourcecode.c.objc; path = AppDelegate.m; sourceTree = "<group>"; };
		4A8265931AA9CA920016F5C8 /* Base */ = {isa = PBXFileReference; lastKnownFileType = file.storyboard; name = Base; path = Base.lproj/Main.storyboard; sourceTree = "<group>"; };
		4A8265951AA9CA920016F5C8 /* Images.xcassets */ = {isa = PBXFileReference; lastKnownFileType = folder.assetcatalog; path = Images.xcassets; sourceTree = "<group>"; };
		4A8265981AA9CA920016F5C8 /* Base */ = {isa = PBXFileReference; lastKnownFileType = file.xib; name = Base; path = Base.lproj/LaunchScreen.xib; sourceTree = "<group>"; };
		4FB82D411B7116C100CBDA89 /* DotPaySDK.framework */ = {isa = PBXFileReference; lastKnownFileType = wrapper.framework; name = DotPaySDK.framework; path = framework/DotPaySDK.framework; sourceTree = "<group>"; };
		623F17A9A771B7B5DEC83F16 /* Pods-DotPayTestApp.debug.xcconfig */ = {isa = PBXFileReference; includeInIndex = 1; lastKnownFileType = text.xcconfig; name = "Pods-DotPayTestApp.debug.xcconfig"; path = "Pods/Target Support Files/Pods-DotPayTestApp/Pods-DotPayTestApp.debug.xcconfig"; sourceTree = "<group>"; };
		7409F40DCABA08A1BE318EF4 /* libPods-DotPayTestApp.a */ = {isa = PBXFileReference; explicitFileType = archive.ar; includeInIndex = 0; path = "libPods-DotPayTestApp.a"; sourceTree = BUILT_PRODUCTS_DIR; };
		A0962DB01DAB669B0032D1CC /* TestModalCardRegistrationViewController.h */ = {isa = PBXFileReference; fileEncoding = 4; lastKnownFileType = sourcecode.c.h; path = TestModalCardRegistrationViewController.h; sourceTree = "<group>"; };
		A0962DB11DAB669B0032D1CC /* TestModalCardRegistrationViewController.m */ = {isa = PBXFileReference; fileEncoding = 4; lastKnownFileType = sourcecode.c.objc; path = TestModalCardRegistrationViewController.m; sourceTree = "<group>"; };
		A122B9561DD47C6500FEDF00 /* DotPayTestApp.entitlements */ = {isa = PBXFileReference; lastKnownFileType = text.plist.entitlements; path = DotPayTestApp.entitlements; sourceTree = "<group>"; };
		A1BB71C11D9135B5004D11C9 /* AddInfoViewController.h */ = {isa = PBXFileReference; fileEncoding = 4; lastKnownFileType = sourcecode.c.h; name = AddInfoViewController.h; path = ../../AddInfoViewController.h; sourceTree = "<group>"; };
		A1BB71C21D9135B5004D11C9 /* AddInfoViewController.m */ = {isa = PBXFileReference; fileEncoding = 4; lastKnownFileType = sourcecode.c.objc; name = AddInfoViewController.m; path = ../../AddInfoViewController.m; sourceTree = "<group>"; };
		A1BB71C31D9135B5004D11C9 /* AddInfoViewController.xib */ = {isa = PBXFileReference; fileEncoding = 4; lastKnownFileType = file.xib; name = AddInfoViewController.xib; path = ../../AddInfoViewController.xib; sourceTree = "<group>"; };
		B2ADC0D17D08B35AD5920C9F /* AdditionalInfoTableViewController.h */ = {isa = PBXFileReference; fileEncoding = 4; lastKnownFileType = sourcecode.c.h; path = AdditionalInfoTableViewController.h; sourceTree = "<group>"; };
		B2ADC14F6AFDFE52870D1C7D /* AdditionalInfoCellTableViewCell.m */ = {isa = PBXFileReference; fileEncoding = 4; lastKnownFileType = sourcecode.c.objc; path = AdditionalInfoCellTableViewCell.m; sourceTree = "<group>"; };
		B2ADC17377F44EB178739914 /* AdditionalInfo.h */ = {isa = PBXFileReference; fileEncoding = 4; lastKnownFileType = sourcecode.c.h; path = AdditionalInfo.h; sourceTree = "<group>"; };
		B2ADC282458B6CE9EA2ECE0C /* AdditionalInfo.m */ = {isa = PBXFileReference; fileEncoding = 4; lastKnownFileType = sourcecode.c.objc; path = AdditionalInfo.m; sourceTree = "<group>"; };
		B2ADC46116ABC0286972D4D3 /* AdditionalInfoCellTableViewCell.h */ = {isa = PBXFileReference; fileEncoding = 4; lastKnownFileType = sourcecode.c.h; path = AdditionalInfoCellTableViewCell.h; sourceTree = "<group>"; };
		B2ADC6786355F09417182DFB /* AdditionalInfoTableViewController.m */ = {isa = PBXFileReference; fileEncoding = 4; lastKnownFileType = sourcecode.c.objc; path = AdditionalInfoTableViewController.m; sourceTree = "<group>"; };
		B2ADCDB6D883F4F8BD6594C8 /* ViewController.m */ = {isa = PBXFileReference; fileEncoding = 4; lastKnownFileType = sourcecode.c.objc; path = ViewController.m; sourceTree = "<group>"; };
		B2ADCE1D305AFE0F326EE594 /* ViewController.h */ = {isa = PBXFileReference; fileEncoding = 4; lastKnownFileType = sourcecode.c.h; path = ViewController.h; sourceTree = "<group>"; };
		CB32D394212EB753008BC5A1 /* UIAlertController+ShowOnTopViewController.h */ = {isa = PBXFileReference; lastKnownFileType = sourcecode.c.h; path = "UIAlertController+ShowOnTopViewController.h"; sourceTree = "<group>"; };
		CB32D395212EB753008BC5A1 /* UIAlertController+ShowOnTopViewController.m */ = {isa = PBXFileReference; lastKnownFileType = sourcecode.c.objc; path = "UIAlertController+ShowOnTopViewController.m"; sourceTree = "<group>"; };
		D4BF5FD01867E137B3C9E168 /* Pods-DotPayTestApp.release.xcconfig */ = {isa = PBXFileReference; includeInIndex = 1; lastKnownFileType = text.xcconfig; name = "Pods-DotPayTestApp.release.xcconfig"; path = "Pods/Target Support Files/Pods-DotPayTestApp/Pods-DotPayTestApp.release.xcconfig"; sourceTree = "<group>"; };
/* End PBXFileReference section */

/* Begin PBXFrameworksBuildPhase section */
		4A82657F1AA9CA920016F5C8 /* Frameworks */ = {
			isa = PBXFrameworksBuildPhase;
			buildActionMask = 2147483647;
			files = (
				C680FE2E205814CD00FF62D1 /* DotPaySDK.framework in Frameworks */,
				17465899671CFEC604519EE5 /* libPods-DotPayTestApp.a in Frameworks */,
			);
			runOnlyForDeploymentPostprocessing = 0;
		};
/* End PBXFrameworksBuildPhase section */

/* Begin PBXGroup section */
		4A8265791AA9CA920016F5C8 = {
			isa = PBXGroup;
			children = (
				4A8265851AA9CA920016F5C8 /* Supporting Files */,
				4A8265841AA9CA920016F5C8 /* DotPayTestApp */,
				4A8265831AA9CA920016F5C8 /* Products */,
				C04E789F5E4E1EB75E94B531 /* Frameworks */,
				A8E6457AC104C695FD0CE4D6 /* Pods */,
			);
			sourceTree = "<group>";
		};
		4A8265831AA9CA920016F5C8 /* Products */ = {
			isa = PBXGroup;
			children = (
				4A8265821AA9CA920016F5C8 /* DotPayTestApp.app */,
			);
			name = Products;
			sourceTree = "<group>";
		};
		4A8265841AA9CA920016F5C8 /* DotPayTestApp */ = {
			isa = PBXGroup;
			children = (
				A122B9561DD47C6500FEDF00 /* DotPayTestApp.entitlements */,
				4A8265891AA9CA920016F5C8 /* AppDelegate.h */,
				4A82658A1AA9CA920016F5C8 /* AppDelegate.m */,
				4A8265921AA9CA920016F5C8 /* Main.storyboard */,
				4A8265951AA9CA920016F5C8 /* Images.xcassets */,
				4A8265971AA9CA920016F5C8 /* LaunchScreen.xib */,
				B2ADC665D484291C293EEFC5 /* UI */,
				B2ADC282458B6CE9EA2ECE0C /* AdditionalInfo.m */,
				B2ADC17377F44EB178739914 /* AdditionalInfo.h */,
			);
			path = DotPayTestApp;
			sourceTree = "<group>";
		};
		4A8265851AA9CA920016F5C8 /* Supporting Files */ = {
			isa = PBXGroup;
			children = (
				4A8265861AA9CA920016F5C8 /* Info.plist */,
				4A8265871AA9CA920016F5C8 /* main.m */,
			);
			name = "Supporting Files";
			path = DotPayTestApp;
			sourceTree = "<group>";
		};
		A8E6457AC104C695FD0CE4D6 /* Pods */ = {
			isa = PBXGroup;
			children = (
				623F17A9A771B7B5DEC83F16 /* Pods-DotPayTestApp.debug.xcconfig */,
				D4BF5FD01867E137B3C9E168 /* Pods-DotPayTestApp.release.xcconfig */,
			);
			name = Pods;
			sourceTree = "<group>";
		};
		B2ADC04F8BD70C435A219F31 /* View Controller */ = {
			isa = PBXGroup;
			children = (
				A0962DB01DAB669B0032D1CC /* TestModalCardRegistrationViewController.h */,
				A0962DB11DAB669B0032D1CC /* TestModalCardRegistrationViewController.m */,
				B2ADC0D17D08B35AD5920C9F /* AdditionalInfoTableViewController.h */,
				B2ADC6786355F09417182DFB /* AdditionalInfoTableViewController.m */,
				B2ADCE1D305AFE0F326EE594 /* ViewController.h */,
				B2ADCDB6D883F4F8BD6594C8 /* ViewController.m */,
				A1BB71C11D9135B5004D11C9 /* AddInfoViewController.h */,
				A1BB71C21D9135B5004D11C9 /* AddInfoViewController.m */,
				A1BB71C31D9135B5004D11C9 /* AddInfoViewController.xib */,
				CB32D394212EB753008BC5A1 /* UIAlertController+ShowOnTopViewController.h */,
				CB32D395212EB753008BC5A1 /* UIAlertController+ShowOnTopViewController.m */,
			);
			path = "View Controller";
			sourceTree = "<group>";
		};
		B2ADC0B1B2AF686D0BF278D3 /* Cells */ = {
			isa = PBXGroup;
			children = (
				B2ADC14F6AFDFE52870D1C7D /* AdditionalInfoCellTableViewCell.m */,
				B2ADC46116ABC0286972D4D3 /* AdditionalInfoCellTableViewCell.h */,
			);
			path = Cells;
			sourceTree = "<group>";
		};
		B2ADC665D484291C293EEFC5 /* UI */ = {
			isa = PBXGroup;
			children = (
				B2ADC04F8BD70C435A219F31 /* View Controller */,
				B2ADC0B1B2AF686D0BF278D3 /* Cells */,
			);
			path = UI;
			sourceTree = "<group>";
		};
		C04E789F5E4E1EB75E94B531 /* Frameworks */ = {
			isa = PBXGroup;
			children = (
				4FB82D411B7116C100CBDA89 /* DotPaySDK.framework */,
				7409F40DCABA08A1BE318EF4 /* libPods-DotPayTestApp.a */,
			);
			name = Frameworks;
			sourceTree = "<group>";
		};
/* End PBXGroup section */

/* Begin PBXNativeTarget section */
		4A8265811AA9CA920016F5C8 /* DotPayTestApp */ = {
			isa = PBXNativeTarget;
			buildConfigurationList = 4A8265A81AA9CA920016F5C8 /* Build configuration list for PBXNativeTarget "DotPayTestApp" */;
			buildPhases = (
				64D974E34E4D7675B104BE33 /* [CP] Check Pods Manifest.lock */,
				4A82657E1AA9CA920016F5C8 /* Sources */,
				4A82657F1AA9CA920016F5C8 /* Frameworks */,
				4A8265801AA9CA920016F5C8 /* Resources */,
				CBB34EF921662E8A00865F11 /* ShellScript */,
				34DBE747CAD1A0249854A4D6 /* [CP] Embed Pods Frameworks */,
				35E81DDD4E4560EC9BDB352F /* [CP] Copy Pods Resources */,
			);
			buildRules = (
			);
			dependencies = (
			);
			name = DotPayTestApp;
			productName = DotPayTestApp;
			productReference = 4A8265821AA9CA920016F5C8 /* DotPayTestApp.app */;
			productType = "com.apple.product-type.application";
		};
/* End PBXNativeTarget section */

/* Begin PBXProject section */
		4A82657A1AA9CA920016F5C8 /* Project object */ = {
			isa = PBXProject;
			attributes = {
				LastUpgradeCheck = 0900;
				ORGANIZATIONNAME = "CTM Mobiltek";
				TargetAttributes = {
					4A8265811AA9CA920016F5C8 = {
						CreatedOnToolsVersion = 6.1.1;
						DevelopmentTeam = 24H6N4C77D;
						ProvisioningStyle = Manual;
						SystemCapabilities = {
							com.apple.Keychain = {
								enabled = 1;
							};
						};
					};
				};
			};
			buildConfigurationList = 4A82657D1AA9CA920016F5C8 /* Build configuration list for PBXProject "DotPayTestApp" */;
			compatibilityVersion = "Xcode 3.2";
			developmentRegion = English;
			hasScannedForEncodings = 0;
			knownRegions = (
				en,
				Base,
			);
			mainGroup = 4A8265791AA9CA920016F5C8;
			productRefGroup = 4A8265831AA9CA920016F5C8 /* Products */;
			projectDirPath = "";
			projectRoot = "";
			targets = (
				4A8265811AA9CA920016F5C8 /* DotPayTestApp */,
			);
		};
/* End PBXProject section */

/* Begin PBXResourcesBuildPhase section */
		4A8265801AA9CA920016F5C8 /* Resources */ = {
			isa = PBXResourcesBuildPhase;
			buildActionMask = 2147483647;
			files = (
				4A8265941AA9CA920016F5C8 /* Main.storyboard in Resources */,
				4A8265991AA9CA920016F5C8 /* LaunchScreen.xib in Resources */,
				A1BB71C51D9135B5004D11C9 /* AddInfoViewController.xib in Resources */,
				4A8265961AA9CA920016F5C8 /* Images.xcassets in Resources */,
			);
			runOnlyForDeploymentPostprocessing = 0;
		};
/* End PBXResourcesBuildPhase section */

/* Begin PBXShellScriptBuildPhase section */
		34DBE747CAD1A0249854A4D6 /* [CP] Embed Pods Frameworks */ = {
			isa = PBXShellScriptBuildPhase;
			buildActionMask = 2147483647;
			files = (
			);
			inputPaths = (
				"${PODS_ROOT}/Target Support Files/Pods-DotPayTestApp/Pods-DotPayTestApp-frameworks.sh",
				"${PODS_ROOT}/DotPaySDK/dotpay_mobile_sdk_ios_1.0.3/lib/DotPaySDK.framework",
			);
			name = "[CP] Embed Pods Frameworks";
			outputPaths = (
				"${TARGET_BUILD_DIR}/${FRAMEWORKS_FOLDER_PATH}/DotPaySDK.framework",
			);
			runOnlyForDeploymentPostprocessing = 0;
			shellPath = /bin/sh;
			shellScript = "\"${PODS_ROOT}/Target Support Files/Pods-DotPayTestApp/Pods-DotPayTestApp-frameworks.sh\"\n";
			showEnvVarsInLog = 0;
		};
		35E81DDD4E4560EC9BDB352F /* [CP] Copy Pods Resources */ = {
			isa = PBXShellScriptBuildPhase;
			buildActionMask = 2147483647;
			files = (
			);
			inputPaths = (
				"${PODS_ROOT}/Target Support Files/Pods-DotPayTestApp/Pods-DotPayTestApp-resources.sh",
				"${PODS_ROOT}/DotPaySDK/dotpay_mobile_sdk_ios_1.0.3/lib/DotPaySDK.framework",
			);
			name = "[CP] Copy Pods Resources";
			outputPaths = (
				"${TARGET_BUILD_DIR}/${UNLOCALIZED_RESOURCES_FOLDER_PATH}/DotPaySDK.framework",
			);
			runOnlyForDeploymentPostprocessing = 0;
			shellPath = /bin/sh;
			shellScript = "\"${PODS_ROOT}/Target Support Files/Pods-DotPayTestApp/Pods-DotPayTestApp-resources.sh\"\n";
			showEnvVarsInLog = 0;
		};
		64D974E34E4D7675B104BE33 /* [CP] Check Pods Manifest.lock */ = {
			isa = PBXShellScriptBuildPhase;
			buildActionMask = 2147483647;
			files = (
			);
			inputPaths = (
				"${PODS_PODFILE_DIR_PATH}/Podfile.lock",
				"${PODS_ROOT}/Manifest.lock",
			);
			name = "[CP] Check Pods Manifest.lock";
			outputPaths = (
				"$(DERIVED_FILE_DIR)/Pods-DotPayTestApp-checkManifestLockResult.txt",
			);
			runOnlyForDeploymentPostprocessing = 0;
			shellPath = /bin/sh;
			shellScript = "diff \"${PODS_PODFILE_DIR_PATH}/Podfile.lock\" \"${PODS_ROOT}/Manifest.lock\" > /dev/null\nif [ $? != 0 ] ; then\n    # print error to STDERR\n    echo \"error: The sandbox is not in sync with the Podfile.lock. Run 'pod install' or update your CocoaPods installation.\" >&2\n    exit 1\nfi\n# This output is used by Xcode 'outputs' to avoid re-running this script phase.\necho \"SUCCESS\" > \"${SCRIPT_OUTPUT_FILE_0}\"\n";
			showEnvVarsInLog = 0;
		};
		CBB34EF921662E8A00865F11 /* ShellScript */ = {
			isa = PBXShellScriptBuildPhase;
			buildActionMask = 2147483647;
			files = (
			);
			inputPaths = (
			);
			outputPaths = (
			);
			runOnlyForDeploymentPostprocessing = 0;
			shellPath = /bin/sh;
			shellScript = "
";
		};
/* End PBXShellScriptBuildPhase section */

/* Begin PBXSourcesBuildPhase section */
		4A82657E1AA9CA920016F5C8 /* Sources */ = {
			isa = PBXSourcesBuildPhase;
			buildActionMask = 2147483647;
			files = (
				4A82658B1AA9CA920016F5C8 /* AppDelegate.m in Sources */,
				A1BB71C41D9135B5004D11C9 /* AddInfoViewController.m in Sources */,
				4A8265881AA9CA920016F5C8 /* main.m in Sources */,
				B2ADC4FC15B318F88C7E7E8E /* AdditionalInfoTableViewController.m in Sources */,
				B2ADC2A08F7307BC086F5705 /* ViewController.m in Sources */,
				CB32D396212EB753008BC5A1 /* UIAlertController+ShowOnTopViewController.m in Sources */,
				A0962DB21DAB669B0032D1CC /* TestModalCardRegistrationViewController.m in Sources */,
				B2ADCC4C2C983800D76E3E13 /* AdditionalInfoCellTableViewCell.m in Sources */,
				B2ADC3A70EC160B39D0EF782 /* AdditionalInfo.m in Sources */,
			);
			runOnlyForDeploymentPostprocessing = 0;
		};
/* End PBXSourcesBuildPhase section */

/* Begin PBXVariantGroup section */
		4A8265921AA9CA920016F5C8 /* Main.storyboard */ = {
			isa = PBXVariantGroup;
			children = (
				4A8265931AA9CA920016F5C8 /* Base */,
			);
			name = Main.storyboard;
			sourceTree = "<group>";
		};
		4A8265971AA9CA920016F5C8 /* LaunchScreen.xib */ = {
			isa = PBXVariantGroup;
			children = (
				4A8265981AA9CA920016F5C8 /* Base */,
			);
			name = LaunchScreen.xib;
			sourceTree = "<group>";
		};
/* End PBXVariantGroup section */

/* Begin XCBuildConfiguration section */
		4A8265A61AA9CA920016F5C8 /* Debug */ = {
			isa = XCBuildConfiguration;
			buildSettings = {
				ALWAYS_SEARCH_USER_PATHS = NO;
				CLANG_CXX_LANGUAGE_STANDARD = "gnu++0x";
				CLANG_CXX_LIBRARY = "libc++";
				CLANG_ENABLE_MODULES = YES;
				CLANG_ENABLE_OBJC_ARC = YES;
				CLANG_WARN_BLOCK_CAPTURE_AUTORELEASING = YES;
				CLANG_WARN_BOOL_CONVERSION = YES;
				CLANG_WARN_COMMA = YES;
				CLANG_WARN_CONSTANT_CONVERSION = YES;
				CLANG_WARN_DIRECT_OBJC_ISA_USAGE = YES_ERROR;
				CLANG_WARN_EMPTY_BODY = YES;
				CLANG_WARN_ENUM_CONVERSION = YES;
				CLANG_WARN_INFINITE_RECURSION = YES;
				CLANG_WARN_INT_CONVERSION = YES;
				CLANG_WARN_NON_LITERAL_NULL_CONVERSION = YES;
				CLANG_WARN_OBJC_LITERAL_CONVERSION = YES;
				CLANG_WARN_OBJC_ROOT_CLASS = YES_ERROR;
				CLANG_WARN_RANGE_LOOP_ANALYSIS = YES;
				CLANG_WARN_STRICT_PROTOTYPES = YES;
				CLANG_WARN_SUSPICIOUS_MOVE = YES;
				CLANG_WARN_UNREACHABLE_CODE = YES;
				CLANG_WARN__DUPLICATE_METHOD_MATCH = YES;
				CODE_SIGN_IDENTITY = "";
				"CODE_SIGN_IDENTITY[sdk=iphoneos*]" = "iPhone Developer";
				COPY_PHASE_STRIP = NO;
				ENABLE_STRICT_OBJC_MSGSEND = YES;
				ENABLE_TESTABILITY = YES;
				GCC_C_LANGUAGE_STANDARD = gnu99;
				GCC_DYNAMIC_NO_PIC = NO;
				GCC_NO_COMMON_BLOCKS = YES;
				GCC_OPTIMIZATION_LEVEL = 0;
				GCC_PREPROCESSOR_DEFINITIONS = (
					"DEBUG=1",
					"$(inherited)",
				);
				GCC_SYMBOLS_PRIVATE_EXTERN = NO;
				GCC_TREAT_WARNINGS_AS_ERRORS = YES;
				GCC_WARN_64_TO_32_BIT_CONVERSION = YES;
				GCC_WARN_ABOUT_RETURN_TYPE = YES_ERROR;
				GCC_WARN_UNDECLARED_SELECTOR = YES;
				GCC_WARN_UNINITIALIZED_AUTOS = YES_AGGRESSIVE;
				GCC_WARN_UNUSED_FUNCTION = YES;
				GCC_WARN_UNUSED_VARIABLE = YES;
				IPHONEOS_DEPLOYMENT_TARGET = 8.1;
				MTL_ENABLE_DEBUG_INFO = YES;
				ONLY_ACTIVE_ARCH = YES;
				SDKROOT = iphoneos;
			};
			name = Debug;
		};
		4A8265A71AA9CA920016F5C8 /* Release */ = {
			isa = XCBuildConfiguration;
			buildSettings = {
				ALWAYS_SEARCH_USER_PATHS = NO;
				CLANG_CXX_LANGUAGE_STANDARD = "gnu++0x";
				CLANG_CXX_LIBRARY = "libc++";
				CLANG_ENABLE_MODULES = YES;
				CLANG_ENABLE_OBJC_ARC = YES;
				CLANG_WARN_BLOCK_CAPTURE_AUTORELEASING = YES;
				CLANG_WARN_BOOL_CONVERSION = YES;
				CLANG_WARN_COMMA = YES;
				CLANG_WARN_CONSTANT_CONVERSION = YES;
				CLANG_WARN_DIRECT_OBJC_ISA_USAGE = YES_ERROR;
				CLANG_WARN_EMPTY_BODY = YES;
				CLANG_WARN_ENUM_CONVERSION = YES;
				CLANG_WARN_INFINITE_RECURSION = YES;
				CLANG_WARN_INT_CONVERSION = YES;
				CLANG_WARN_NON_LITERAL_NULL_CONVERSION = YES;
				CLANG_WARN_OBJC_LITERAL_CONVERSION = YES;
				CLANG_WARN_OBJC_ROOT_CLASS = YES_ERROR;
				CLANG_WARN_RANGE_LOOP_ANALYSIS = YES;
				CLANG_WARN_STRICT_PROTOTYPES = YES;
				CLANG_WARN_SUSPICIOUS_MOVE = YES;
				CLANG_WARN_UNREACHABLE_CODE = YES;
				CLANG_WARN__DUPLICATE_METHOD_MATCH = YES;
				CODE_SIGN_IDENTITY = "";
				"CODE_SIGN_IDENTITY[sdk=iphoneos*]" = "iPhone Developer";
				COPY_PHASE_STRIP = YES;
				ENABLE_NS_ASSERTIONS = NO;
				ENABLE_STRICT_OBJC_MSGSEND = YES;
				GCC_C_LANGUAGE_STANDARD = gnu99;
				GCC_NO_COMMON_BLOCKS = YES;
				GCC_TREAT_WARNINGS_AS_ERRORS = YES;
				GCC_WARN_64_TO_32_BIT_CONVERSION = YES;
				GCC_WARN_ABOUT_RETURN_TYPE = YES_ERROR;
				GCC_WARN_UNDECLARED_SELECTOR = YES;
				GCC_WARN_UNINITIALIZED_AUTOS = YES_AGGRESSIVE;
				GCC_WARN_UNUSED_FUNCTION = YES;
				GCC_WARN_UNUSED_VARIABLE = YES;
				IPHONEOS_DEPLOYMENT_TARGET = 8.1;
				MTL_ENABLE_DEBUG_INFO = NO;
				SDKROOT = iphoneos;
				VALIDATE_PRODUCT = YES;
			};
			name = Release;
		};
		4A8265A91AA9CA920016F5C8 /* Debug */ = {
			isa = XCBuildConfiguration;
			baseConfigurationReference = 623F17A9A771B7B5DEC83F16 /* Pods-DotPayTestApp.debug.xcconfig */;
			buildSettings = {
				ASSETCATALOG_COMPILER_APPICON_NAME = AppIcon;
				CODE_SIGNING_RESOURCE_RULES_PATH = "$(SDKROOT)/ResourceRules.plist";
				CODE_SIGN_ENTITLEMENTS = DotPayTestApp/DotPayTestApp.entitlements;
				CODE_SIGN_IDENTITY = "iPhone Distribution";
				"CODE_SIGN_IDENTITY[sdk=iphoneos*]" = "iPhone Developer";
				CODE_SIGN_STYLE = Manual;
				DEVELOPMENT_TEAM = 24H6N4C77D;
				ENABLE_BITCODE = NO;
				FRAMEWORK_SEARCH_PATHS = (
					"$(inherited)",
					"$(PROJECT_DIR)/framework",
					"$(PROJECT_DIR)",
				);
				GCC_TREAT_WARNINGS_AS_ERRORS = YES;
				INFOPLIST_FILE = DotPayTestApp/Info.plist;
				IPHONEOS_DEPLOYMENT_TARGET = 8.1;
				LD_RUNPATH_SEARCH_PATHS = "$(inherited) @executable_path/Frameworks @loader_path/Frameworks";
				MACH_O_TYPE = mh_execute;
				OTHER_CODE_SIGN_FLAGS = "";
				PRODUCT_BUNDLE_IDENTIFIER = "com.kissdigital.dotpay-testapp";
				PRODUCT_NAME = "$(TARGET_NAME)";
				PROVISIONING_PROFILE = "23109cd7-5728-448f-aefc-3cb579ce7ee9";
				PROVISIONING_PROFILE_SPECIFIER = "KISS Development";
				TARGETED_DEVICE_FAMILY = "1,2";
			};
			name = Debug;
		};
		4A8265AA1AA9CA920016F5C8 /* Release */ = {
			isa = XCBuildConfiguration;
			baseConfigurationReference = D4BF5FD01867E137B3C9E168 /* Pods-DotPayTestApp.release.xcconfig */;
			buildSettings = {
				ASSETCATALOG_COMPILER_APPICON_NAME = AppIcon;
				CODE_SIGNING_RESOURCE_RULES_PATH = "$(SDKROOT)/ResourceRules.plist";
				CODE_SIGN_ENTITLEMENTS = DotPayTestApp/DotPayTestApp.entitlements;
				CODE_SIGN_IDENTITY = "iPhone Developer";
				"CODE_SIGN_IDENTITY[sdk=iphoneos*]" = "iPhone Distribution";
				CODE_SIGN_STYLE = Manual;
				DEVELOPMENT_TEAM = 24H6N4C77D;
				ENABLE_BITCODE = NO;
				FRAMEWORK_SEARCH_PATHS = (
					"$(inherited)",
					"$(PROJECT_DIR)/framework",
					"$(PROJECT_DIR)",
				);
				GCC_TREAT_WARNINGS_AS_ERRORS = YES;
				INFOPLIST_FILE = DotPayTestApp/Info.plist;
				IPHONEOS_DEPLOYMENT_TARGET = 8.1;
				LD_RUNPATH_SEARCH_PATHS = "$(inherited) @executable_path/Frameworks @loader_path/Frameworks";
				MACH_O_TYPE = mh_execute;
				OTHER_CODE_SIGN_FLAGS = "";
				PRODUCT_BUNDLE_IDENTIFIER = "com.kissdigital.dotpay-testapp";
				PRODUCT_NAME = "$(TARGET_NAME)";
				PROVISIONING_PROFILE = "6f81b886-9a46-4a31-8c67-c2f6c23c6171";
				PROVISIONING_PROFILE_SPECIFIER = "KISS AdHoc";
				TARGETED_DEVICE_FAMILY = "1,2";
			};
			name = Release;
		};
/* End XCBuildConfiguration section */

/* Begin XCConfigurationList section */
		4A82657D1AA9CA920016F5C8 /* Build configuration list for PBXProject "DotPayTestApp" */ = {
			isa = XCConfigurationList;
			buildConfigurations = (
				4A8265A61AA9CA920016F5C8 /* Debug */,
				4A8265A71AA9CA920016F5C8 /* Release */,
			);
			defaultConfigurationIsVisible = 0;
			defaultConfigurationName = Release;
		};
		4A8265A81AA9CA920016F5C8 /* Build configuration list for PBXNativeTarget "DotPayTestApp" */ = {
			isa = XCConfigurationList;
			buildConfigurations = (
				4A8265A91AA9CA920016F5C8 /* Debug */,
				4A8265AA1AA9CA920016F5C8 /* Release */,
			);
			defaultConfigurationIsVisible = 0;
			defaultConfigurationName = Release;
		};
/* End XCConfigurationList section */
	};
	rootObject = 4A82657A1AA9CA920016F5C8 /* Project object */;
}
