// !$*UTF8*$!
{
	archiveVersion = 1;
	classes = {
	};
	objectVersion = 46;
	objects = {

/* Begin PBXBuildFile section */
		53C20792EFCF1DE72B6F3E01 /* libPods-DotPaySDK-Demo.a in Frameworks */ = {isa = PBXBuildFile; fileRef = B954508787967D5BC5C65D05 /* libPods-DotPaySDK-Demo.a */; };
		B49A57EF1BBAA8D30025F5C6 /* DotPaySDK.framework in Frameworks */ = {isa = PBXBuildFile; fileRef = B49A57EE1BBAA8D30025F5C6 /* DotPaySDK.framework */; };
		B49A57F01BBAA8D30025F5C6 /* DotPaySDK.framework in Embed Frameworks */ = {isa = PBXBuildFile; fileRef = B49A57EE1BBAA8D30025F5C6 /* DotPaySDK.framework */; settings = {ATTRIBUTES = (CodeSignOnCopy, RemoveHeadersOnCopy, ); }; };
		F93569951B74F67E00855FE7 /* main.m in Sources */ = {isa = PBXBuildFile; fileRef = F93569941B74F67E00855FE7 /* main.m */; };
		F93569981B74F67E00855FE7 /* AppDelegate.m in Sources */ = {isa = PBXBuildFile; fileRef = F93569971B74F67E00855FE7 /* AppDelegate.m */; };
		F935699E1B74F67E00855FE7 /* ViewController.m in Sources */ = {isa = PBXBuildFile; fileRef = F935699D1B74F67E00855FE7 /* ViewController.m */; };
		F93569A11B74F67E00855FE7 /* Main.storyboard in Resources */ = {isa = PBXBuildFile; fileRef = F935699F1B74F67E00855FE7 /* Main.storyboard */; };
		F93569A31B74F67E00855FE7 /* Images.xcassets in Resources */ = {isa = PBXBuildFile; fileRef = F93569A21B74F67E00855FE7 /* Images.xcassets */; };
		F93569A61B74F67E00855FE7 /* LaunchScreen.xib in Resources */ = {isa = PBXBuildFile; fileRef = F93569A41B74F67E00855FE7 /* LaunchScreen.xib */; };
		F93569B21B74F67E00855FE7 /* DotPaySDK_DemoTests.m in Sources */ = {isa = PBXBuildFile; fileRef = F93569B11B74F67E00855FE7 /* DotPaySDK_DemoTests.m */; };
		F93569C01B75086A00855FE7 /* iphone6.jpeg in Resources */ = {isa = PBXBuildFile; fileRef = F93569BF1B75086A00855FE7 /* iphone6.jpeg */; };
/* End PBXBuildFile section */

/* Begin PBXContainerItemProxy section */
		F93569AC1B74F67E00855FE7 /* PBXContainerItemProxy */ = {
			isa = PBXContainerItemProxy;
			containerPortal = F93569871B74F67E00855FE7 /* Project object */;
			proxyType = 1;
			remoteGlobalIDString = F935698E1B74F67E00855FE7;
			remoteInfo = "DotPaySDK-Demo";
		};
/* End PBXContainerItemProxy section */

/* Begin PBXCopyFilesBuildPhase section */
		F93569BE1B74F73E00855FE7 /* Embed Frameworks */ = {
			isa = PBXCopyFilesBuildPhase;
			buildActionMask = 2147483647;
			dstPath = "";
			dstSubfolderSpec = 10;
			files = (
				B49A57F01BBAA8D30025F5C6 /* DotPaySDK.framework in Embed Frameworks */,
			);
			name = "Embed Frameworks";
			runOnlyForDeploymentPostprocessing = 0;
		};
/* End PBXCopyFilesBuildPhase section */

/* Begin PBXFileReference section */
		2CA9D4C562636369C5C3C602 /* Pods-DotPaySDK-Demo.debug.xcconfig */ = {isa = PBXFileReference; includeInIndex = 1; lastKnownFileType = text.xcconfig; name = "Pods-DotPaySDK-Demo.debug.xcconfig"; path = "Target Support Files/Pods-DotPaySDK-Demo/Pods-DotPaySDK-Demo.debug.xcconfig"; sourceTree = "<group>"; };
		9BF8A9D83A09BFB3FF089B34 /* Pods-DotPaySDK-Demo.release.xcconfig */ = {isa = PBXFileReference; includeInIndex = 1; lastKnownFileType = text.xcconfig; name = "Pods-DotPaySDK-Demo.release.xcconfig"; path = "Target Support Files/Pods-DotPaySDK-Demo/Pods-DotPaySDK-Demo.release.xcconfig"; sourceTree = "<group>"; };
		B49A57EE1BBAA8D30025F5C6 /* DotPaySDK.framework */ = {isa = PBXFileReference; lastKnownFileType = wrapper.framework; name = DotPaySDK.framework; path = framework/DotPaySDK.framework; sourceTree = "<group>"; };
		B954508787967D5BC5C65D05 /* libPods-DotPaySDK-Demo.a */ = {isa = PBXFileReference; explicitFileType = archive.ar; includeInIndex = 0; path = "libPods-DotPaySDK-Demo.a"; sourceTree = BUILT_PRODUCTS_DIR; };
		F935698F1B74F67E00855FE7 /* DotPaySDK-Demo.app */ = {isa = PBXFileReference; explicitFileType = wrapper.application; includeInIndex = 0; path = "DotPaySDK-Demo.app"; sourceTree = BUILT_PRODUCTS_DIR; };
		F93569931B74F67E00855FE7 /* Info.plist */ = {isa = PBXFileReference; lastKnownFileType = text.plist.xml; path = Info.plist; sourceTree = "<group>"; };
		F93569941B74F67E00855FE7 /* main.m */ = {isa = PBXFileReference; lastKnownFileType = sourcecode.c.objc; path = main.m; sourceTree = "<group>"; };
		F93569961B74F67E00855FE7 /* AppDelegate.h */ = {isa = PBXFileReference; lastKnownFileType = sourcecode.c.h; path = AppDelegate.h; sourceTree = "<group>"; };
		F93569971B74F67E00855FE7 /* AppDelegate.m */ = {isa = PBXFileReference; lastKnownFileType = sourcecode.c.objc; path = AppDelegate.m; sourceTree = "<group>"; };
		F935699C1B74F67E00855FE7 /* ViewController.h */ = {isa = PBXFileReference; lastKnownFileType = sourcecode.c.h; path = ViewController.h; sourceTree = "<group>"; };
		F935699D1B74F67E00855FE7 /* ViewController.m */ = {isa = PBXFileReference; lastKnownFileType = sourcecode.c.objc; path = ViewController.m; sourceTree = "<group>"; };
		F93569A01B74F67E00855FE7 /* Base */ = {isa = PBXFileReference; lastKnownFileType = file.storyboard; name = Base; path = Base.lproj/Main.storyboard; sourceTree = "<group>"; };
		F93569A21B74F67E00855FE7 /* Images.xcassets */ = {isa = PBXFileReference; lastKnownFileType = folder.assetcatalog; path = Images.xcassets; sourceTree = "<group>"; };
		F93569A51B74F67E00855FE7 /* Base */ = {isa = PBXFileReference; lastKnownFileType = file.xib; name = Base; path = Base.lproj/LaunchScreen.xib; sourceTree = "<group>"; };
		F93569AB1B74F67E00855FE7 /* DotPaySDK-DemoTests.xctest */ = {isa = PBXFileReference; explicitFileType = wrapper.cfbundle; includeInIndex = 0; path = "DotPaySDK-DemoTests.xctest"; sourceTree = BUILT_PRODUCTS_DIR; };
		F93569B01B74F67E00855FE7 /* Info.plist */ = {isa = PBXFileReference; lastKnownFileType = text.plist.xml; path = Info.plist; sourceTree = "<group>"; };
		F93569B11B74F67E00855FE7 /* DotPaySDK_DemoTests.m */ = {isa = PBXFileReference; lastKnownFileType = sourcecode.c.objc; path = DotPaySDK_DemoTests.m; sourceTree = "<group>"; };
		F93569BF1B75086A00855FE7 /* iphone6.jpeg */ = {isa = PBXFileReference; lastKnownFileType = image.jpeg; path = iphone6.jpeg; sourceTree = "<group>"; };
/* End PBXFileReference section */

/* Begin PBXFrameworksBuildPhase section */
		F935698C1B74F67E00855FE7 /* Frameworks */ = {
			isa = PBXFrameworksBuildPhase;
			buildActionMask = 2147483647;
			files = (
				B49A57EF1BBAA8D30025F5C6 /* DotPaySDK.framework in Frameworks */,
				53C20792EFCF1DE72B6F3E01 /* libPods-DotPaySDK-Demo.a in Frameworks */,
			);
			runOnlyForDeploymentPostprocessing = 0;
		};
		F93569A81B74F67E00855FE7 /* Frameworks */ = {
			isa = PBXFrameworksBuildPhase;
			buildActionMask = 2147483647;
			files = (
			);
			runOnlyForDeploymentPostprocessing = 0;
		};
/* End PBXFrameworksBuildPhase section */

/* Begin PBXGroup section */
		434120E9FB8AE5CBBE0B18F2 /* Frameworks */ = {
			isa = PBXGroup;
			children = (
				B954508787967D5BC5C65D05 /* libPods-DotPaySDK-Demo.a */,
			);
			name = Frameworks;
			sourceTree = "<group>";
		};
		F288E0ED55496A806221A466 /* Pods */ = {
			isa = PBXGroup;
			children = (
				2CA9D4C562636369C5C3C602 /* Pods-DotPaySDK-Demo.debug.xcconfig */,
				9BF8A9D83A09BFB3FF089B34 /* Pods-DotPaySDK-Demo.release.xcconfig */,
			);
			name = Pods;
			path = Pods;
			sourceTree = "<group>";
		};
		F93569861B74F67E00855FE7 = {
			isa = PBXGroup;
			children = (
				B49A57EE1BBAA8D30025F5C6 /* DotPaySDK.framework */,
				F93569911B74F67E00855FE7 /* DotPaySDK-Demo */,
				F93569AE1B74F67E00855FE7 /* DotPaySDK-DemoTests */,
				F93569901B74F67E00855FE7 /* Products */,
				F288E0ED55496A806221A466 /* Pods */,
				434120E9FB8AE5CBBE0B18F2 /* Frameworks */,
			);
			sourceTree = "<group>";
		};
		F93569901B74F67E00855FE7 /* Products */ = {
			isa = PBXGroup;
			children = (
				F935698F1B74F67E00855FE7 /* DotPaySDK-Demo.app */,
				F93569AB1B74F67E00855FE7 /* DotPaySDK-DemoTests.xctest */,
			);
			name = Products;
			sourceTree = "<group>";
		};
		F93569911B74F67E00855FE7 /* DotPaySDK-Demo */ = {
			isa = PBXGroup;
			children = (
				F93569961B74F67E00855FE7 /* AppDelegate.h */,
				F93569971B74F67E00855FE7 /* AppDelegate.m */,
				F935699C1B74F67E00855FE7 /* ViewController.h */,
				F935699D1B74F67E00855FE7 /* ViewController.m */,
				F935699F1B74F67E00855FE7 /* Main.storyboard */,
				F93569A21B74F67E00855FE7 /* Images.xcassets */,
				F93569A41B74F67E00855FE7 /* LaunchScreen.xib */,
				F93569921B74F67E00855FE7 /* Supporting Files */,
			);
			path = "DotPaySDK-Demo";
			sourceTree = "<group>";
		};
		F93569921B74F67E00855FE7 /* Supporting Files */ = {
			isa = PBXGroup;
			children = (
				F93569BF1B75086A00855FE7 /* iphone6.jpeg */,
				F93569931B74F67E00855FE7 /* Info.plist */,
				F93569941B74F67E00855FE7 /* main.m */,
			);
			name = "Supporting Files";
			sourceTree = "<group>";
		};
		F93569AE1B74F67E00855FE7 /* DotPaySDK-DemoTests */ = {
			isa = PBXGroup;
			children = (
				F93569B11B74F67E00855FE7 /* DotPaySDK_DemoTests.m */,
				F93569AF1B74F67E00855FE7 /* Supporting Files */,
			);
			path = "DotPaySDK-DemoTests";
			sourceTree = "<group>";
		};
		F93569AF1B74F67E00855FE7 /* Supporting Files */ = {
			isa = PBXGroup;
			children = (
				F93569B01B74F67E00855FE7 /* Info.plist */,
			);
			name = "Supporting Files";
			sourceTree = "<group>";
		};
/* End PBXGroup section */

/* Begin PBXNativeTarget section */
		F935698E1B74F67E00855FE7 /* DotPaySDK-Demo */ = {
			isa = PBXNativeTarget;
			buildConfigurationList = F93569B51B74F67E00855FE7 /* Build configuration list for PBXNativeTarget "DotPaySDK-Demo" */;
			buildPhases = (
				12B8C39592A393D778123AAE /* [CP] Check Pods Manifest.lock */,
				F935698B1B74F67E00855FE7 /* Sources */,
				F935698C1B74F67E00855FE7 /* Frameworks */,
				F935698D1B74F67E00855FE7 /* Resources */,
				F93569BE1B74F73E00855FE7 /* Embed Frameworks */,
				6929F7CEA3B53E25D363D326 /* [CP] Embed Pods Frameworks */,
				4409C1FE2EAF694AFF725921 /* [CP] Copy Pods Resources */,
			);
			buildRules = (
			);
			dependencies = (
			);
			name = "DotPaySDK-Demo";
			productName = "DotPaySDK-Demo";
			productReference = F935698F1B74F67E00855FE7 /* DotPaySDK-Demo.app */;
			productType = "com.apple.product-type.application";
		};
		F93569AA1B74F67E00855FE7 /* DotPaySDK-DemoTests */ = {
			isa = PBXNativeTarget;
			buildConfigurationList = F93569B81B74F67E00855FE7 /* Build configuration list for PBXNativeTarget "DotPaySDK-DemoTests" */;
			buildPhases = (
				F93569A71B74F67E00855FE7 /* Sources */,
				F93569A81B74F67E00855FE7 /* Frameworks */,
				F93569A91B74F67E00855FE7 /* Resources */,
			);
			buildRules = (
			);
			dependencies = (
				F93569AD1B74F67E00855FE7 /* PBXTargetDependency */,
			);
			name = "DotPaySDK-DemoTests";
			productName = "DotPaySDK-DemoTests";
			productReference = F93569AB1B74F67E00855FE7 /* DotPaySDK-DemoTests.xctest */;
			productType = "com.apple.product-type.bundle.unit-test";
		};
/* End PBXNativeTarget section */

/* Begin PBXProject section */
		F93569871B74F67E00855FE7 /* Project object */ = {
			isa = PBXProject;
			attributes = {
				LastUpgradeCheck = 0700;
				ORGANIZATIONNAME = "Mobiltek SA";
				TargetAttributes = {
					F935698E1B74F67E00855FE7 = {
						CreatedOnToolsVersion = 6.2;
					};
					F93569AA1B74F67E00855FE7 = {
						CreatedOnToolsVersion = 6.2;
						TestTargetID = F935698E1B74F67E00855FE7;
					};
				};
			};
			buildConfigurationList = F935698A1B74F67E00855FE7 /* Build configuration list for PBXProject "DotPaySDK-Demo" */;
			compatibilityVersion = "Xcode 3.2";
			developmentRegion = English;
			hasScannedForEncodings = 0;
			knownRegions = (
				en,
				Base,
			);
			mainGroup = F93569861B74F67E00855FE7;
			productRefGroup = F93569901B74F67E00855FE7 /* Products */;
			projectDirPath = "";
			projectRoot = "";
			targets = (
				F935698E1B74F67E00855FE7 /* DotPaySDK-Demo */,
				F93569AA1B74F67E00855FE7 /* DotPaySDK-DemoTests */,
			);
		};
/* End PBXProject section */

/* Begin PBXResourcesBuildPhase section */
		F935698D1B74F67E00855FE7 /* Resources */ = {
			isa = PBXResourcesBuildPhase;
			buildActionMask = 2147483647;
			files = (
				F93569A11B74F67E00855FE7 /* Main.storyboard in Resources */,
				F93569A61B74F67E00855FE7 /* LaunchScreen.xib in Resources */,
				F93569C01B75086A00855FE7 /* iphone6.jpeg in Resources */,
				F93569A31B74F67E00855FE7 /* Images.xcassets in Resources */,
			);
			runOnlyForDeploymentPostprocessing = 0;
		};
		F93569A91B74F67E00855FE7 /* Resources */ = {
			isa = PBXResourcesBuildPhase;
			buildActionMask = 2147483647;
			files = (
			);
			runOnlyForDeploymentPostprocessing = 0;
		};
/* End PBXResourcesBuildPhase section */

/* Begin PBXShellScriptBuildPhase section */
		12B8C39592A393D778123AAE /* [CP] Check Pods Manifest.lock */ = {
			isa = PBXShellScriptBuildPhase;
			buildActionMask = 2147483647;
			files = (
			);
			inputFileListPaths = (
			);
			inputPaths = (
				"${PODS_PODFILE_DIR_PATH}/Podfile.lock",
				"${PODS_ROOT}/Manifest.lock",
			);
			name = "[CP] Check Pods Manifest.lock";
			outputFileListPaths = (
			);
			outputPaths = (
				"$(DERIVED_FILE_DIR)/Pods-DotPaySDK-Demo-checkManifestLockResult.txt",
			);
			runOnlyForDeploymentPostprocessing = 0;
			shellPath = /bin/sh;
			shellScript = "diff \"${PODS_PODFILE_DIR_PATH}/Podfile.lock\" \"${PODS_ROOT}/Manifest.lock\" > /dev/null\nif [ $? != 0 ] ; then\n    # print error to STDERR\n    echo \"error: The sandbox is not in sync with the Podfile.lock. Run 'pod install' or update your CocoaPods installation.\" >&2\n    exit 1\nfi\n# This output is used by Xcode 'outputs' to avoid re-running this script phase.\necho \"SUCCESS\" > \"${SCRIPT_OUTPUT_FILE_0}\"\n";
			showEnvVarsInLog = 0;
		};
		4409C1FE2EAF694AFF725921 /* [CP] Copy Pods Resources */ = {
			isa = PBXShellScriptBuildPhase;
			buildActionMask = 2147483647;
			files = (
			);
			inputFileListPaths = (
			);
			inputPaths = (
				"${PODS_ROOT}/Target Support Files/Pods-DotPaySDK-Demo/Pods-DotPaySDK-Demo-resources.sh",
				"${PODS_ROOT}/DotPaySDK/dotpay_mobile_sdk_ios_1.0.3/lib/DotPaySDK.framework",
			);
			name = "[CP] Copy Pods Resources";
			outputFileListPaths = (
			);
			outputPaths = (
				"${TARGET_BUILD_DIR}/${UNLOCALIZED_RESOURCES_FOLDER_PATH}/DotPaySDK.framework",
			);
			runOnlyForDeploymentPostprocessing = 0;
			shellPath = /bin/sh;
			shellScript = "\"${PODS_ROOT}/Target Support Files/Pods-DotPaySDK-Demo/Pods-DotPaySDK-Demo-resources.sh\"\n";
			showEnvVarsInLog = 0;
		};
		6929F7CEA3B53E25D363D326 /* [CP] Embed Pods Frameworks */ = {
			isa = PBXShellScriptBuildPhase;
			buildActionMask = 2147483647;
			files = (
			);
			inputFileListPaths = (
			);
			inputPaths = (
				"${PODS_ROOT}/Target Support Files/Pods-DotPaySDK-Demo/Pods-DotPaySDK-Demo-frameworks.sh",
				"${PODS_ROOT}/DotPaySDK/dotpay_mobile_sdk_ios_1.0.3/lib/DotPaySDK.framework",
			);
			name = "[CP] Embed Pods Frameworks";
			outputFileListPaths = (
			);
			outputPaths = (
				"${TARGET_BUILD_DIR}/${FRAMEWORKS_FOLDER_PATH}/DotPaySDK.framework",
			);
			runOnlyForDeploymentPostprocessing = 0;
			shellPath = /bin/sh;
			shellScript = "\"${PODS_ROOT}/Target Support Files/Pods-DotPaySDK-Demo/Pods-DotPaySDK-Demo-frameworks.sh\"\n";
			showEnvVarsInLog = 0;
		};
/* End PBXShellScriptBuildPhase section */

/* Begin PBXSourcesBuildPhase section */
		F935698B1B74F67E00855FE7 /* Sources */ = {
			isa = PBXSourcesBuildPhase;
			buildActionMask = 2147483647;
			files = (
				F93569981B74F67E00855FE7 /* AppDelegate.m in Sources */,
				F93569951B74F67E00855FE7 /* main.m in Sources */,
				F935699E1B74F67E00855FE7 /* ViewController.m in Sources */,
			);
			runOnlyForDeploymentPostprocessing = 0;
		};
		F93569A71B74F67E00855FE7 /* Sources */ = {
			isa = PBXSourcesBuildPhase;
			buildActionMask = 2147483647;
			files = (
				F93569B21B74F67E00855FE7 /* DotPaySDK_DemoTests.m in Sources */,
			);
			runOnlyForDeploymentPostprocessing = 0;
		};
/* End PBXSourcesBuildPhase section */

/* Begin PBXTargetDependency section */
		F93569AD1B74F67E00855FE7 /* PBXTargetDependency */ = {
			isa = PBXTargetDependency;
			target = F935698E1B74F67E00855FE7 /* DotPaySDK-Demo */;
			targetProxy = F93569AC1B74F67E00855FE7 /* PBXContainerItemProxy */;
		};
/* End PBXTargetDependency section */

/* Begin PBXVariantGroup section */
		F935699F1B74F67E00855FE7 /* Main.storyboard */ = {
			isa = PBXVariantGroup;
			children = (
				F93569A01B74F67E00855FE7 /* Base */,
			);
			name = Main.storyboard;
			sourceTree = "<group>";
		};
		F93569A41B74F67E00855FE7 /* LaunchScreen.xib */ = {
			isa = PBXVariantGroup;
			children = (
				F93569A51B74F67E00855FE7 /* Base */,
			);
			name = LaunchScreen.xib;
			sourceTree = "<group>";
		};
/* End PBXVariantGroup section */

/* Begin XCBuildConfiguration section */
		F93569B31B74F67E00855FE7 /* Debug */ = {
			isa = XCBuildConfiguration;
			buildSettings = {
				ALWAYS_SEARCH_USER_PATHS = NO;
				CLANG_CXX_LANGUAGE_STANDARD = "gnu++0x";
				CLANG_CXX_LIBRARY = "libc++";
				CLANG_ENABLE_MODULES = YES;
				CLANG_ENABLE_OBJC_ARC = YES;
				CLANG_WARN_BOOL_CONVERSION = YES;
				CLANG_WARN_CONSTANT_CONVERSION = YES;
				CLANG_WARN_DIRECT_OBJC_ISA_USAGE = YES_ERROR;
				CLANG_WARN_EMPTY_BODY = YES;
				CLANG_WARN_ENUM_CONVERSION = YES;
				CLANG_WARN_INT_CONVERSION = YES;
				CLANG_WARN_OBJC_ROOT_CLASS = YES_ERROR;
				CLANG_WARN_UNREACHABLE_CODE = YES;
				CLANG_WARN__DUPLICATE_METHOD_MATCH = YES;
				"CODE_SIGN_IDENTITY[sdk=iphoneos*]" = "iPhone Developer";
				COPY_PHASE_STRIP = NO;
				ENABLE_STRICT_OBJC_MSGSEND = YES;
				ENABLE_TESTABILITY = YES;
				GCC_C_LANGUAGE_STANDARD = gnu99;
				GCC_DYNAMIC_NO_PIC = NO;
				GCC_OPTIMIZATION_LEVEL = 0;
				GCC_PREPROCESSOR_DEFINITIONS = (
					"DEBUG=1",
					"$(inherited)",
				);
				GCC_SYMBOLS_PRIVATE_EXTERN = NO;
				GCC_WARN_64_TO_32_BIT_CONVERSION = YES;
				GCC_WARN_ABOUT_RETURN_TYPE = YES_ERROR;
				GCC_WARN_UNDECLARED_SELECTOR = YES;
				GCC_WARN_UNINITIALIZED_AUTOS = YES_AGGRESSIVE;
				GCC_WARN_UNUSED_FUNCTION = YES;
				GCC_WARN_UNUSED_VARIABLE = YES;
				IPHONEOS_DEPLOYMENT_TARGET = 8.2;
				MTL_ENABLE_DEBUG_INFO = YES;
				ONLY_ACTIVE_ARCH = YES;
				SDKROOT = iphoneos;
			};
			name = Debug;
		};
		F93569B41B74F67E00855FE7 /* Release */ = {
			isa = XCBuildConfiguration;
			buildSettings = {
				ALWAYS_SEARCH_USER_PATHS = NO;
				CLANG_CXX_LANGUAGE_STANDARD = "gnu++0x";
				CLANG_CXX_LIBRARY = "libc++";
				CLANG_ENABLE_MODULES = YES;
				CLANG_ENABLE_OBJC_ARC = YES;
				CLANG_WARN_BOOL_CONVERSION = YES;
				CLANG_WARN_CONSTANT_CONVERSION = YES;
				CLANG_WARN_DIRECT_OBJC_ISA_USAGE = YES_ERROR;
				CLANG_WARN_EMPTY_BODY = YES;
				CLANG_WARN_ENUM_CONVERSION = YES;
				CLANG_WARN_INT_CONVERSION = YES;
				CLANG_WARN_OBJC_ROOT_CLASS = YES_ERROR;
				CLANG_WARN_UNREACHABLE_CODE = YES;
				CLANG_WARN__DUPLICATE_METHOD_MATCH = YES;
				"CODE_SIGN_IDENTITY[sdk=iphoneos*]" = "iPhone Developer";
				COPY_PHASE_STRIP = NO;
				ENABLE_NS_ASSERTIONS = NO;
				ENABLE_STRICT_OBJC_MSGSEND = YES;
				GCC_C_LANGUAGE_STANDARD = gnu99;
				GCC_WARN_64_TO_32_BIT_CONVERSION = YES;
				GCC_WARN_ABOUT_RETURN_TYPE = YES_ERROR;
				GCC_WARN_UNDECLARED_SELECTOR = YES;
				GCC_WARN_UNINITIALIZED_AUTOS = YES_AGGRESSIVE;
				GCC_WARN_UNUSED_FUNCTION = YES;
				GCC_WARN_UNUSED_VARIABLE = YES;
				IPHONEOS_DEPLOYMENT_TARGET = 8.2;
				MTL_ENABLE_DEBUG_INFO = NO;
				SDKROOT = iphoneos;
				VALIDATE_PRODUCT = YES;
			};
			name = Release;
		};
		F93569B61B74F67E00855FE7 /* Debug */ = {
			isa = XCBuildConfiguration;
			baseConfigurationReference = 2CA9D4C562636369C5C3C602 /* Pods-DotPaySDK-Demo.debug.xcconfig */;
			buildSettings = {
				ASSETCATALOG_COMPILER_APPICON_NAME = AppIcon;
				FRAMEWORK_SEARCH_PATHS = (
					"$(inherited)",
					"$(PROJECT_DIR)",
					"$(PROJECT_DIR)/framework",
				);
				INFOPLIST_FILE = "DotPaySDK-Demo/Info.plist";
				IPHONEOS_DEPLOYMENT_TARGET = 8.0;
				LD_RUNPATH_SEARCH_PATHS = "$(inherited) @executable_path/Frameworks";
				PRODUCT_BUNDLE_IDENTIFIER = "pl.dotpay.DotPaySDK-Demo";
				PRODUCT_NAME = "$(TARGET_NAME)";
			};
			name = Debug;
		};
		F93569B71B74F67E00855FE7 /* Release */ = {
			isa = XCBuildConfiguration;
			baseConfigurationReference = 9BF8A9D83A09BFB3FF089B34 /* Pods-DotPaySDK-Demo.release.xcconfig */;
			buildSettings = {
				ASSETCATALOG_COMPILER_APPICON_NAME = AppIcon;
				FRAMEWORK_SEARCH_PATHS = (
					"$(inherited)",
					"$(PROJECT_DIR)",
					"$(PROJECT_DIR)/framework",
				);
				INFOPLIST_FILE = "DotPaySDK-Demo/Info.plist";
				IPHONEOS_DEPLOYMENT_TARGET = 8.0;
				LD_RUNPATH_SEARCH_PATHS = "$(inherited) @executable_path/Frameworks";
				PRODUCT_BUNDLE_IDENTIFIER = "pl.dotpay.DotPaySDK-Demo";
				PRODUCT_NAME = "$(TARGET_NAME)";
			};
			name = Release;
		};
		F93569B91B74F67E00855FE7 /* Debug */ = {
			isa = XCBuildConfiguration;
			buildSettings = {
				BUNDLE_LOADER = "$(TEST_HOST)";
				FRAMEWORK_SEARCH_PATHS = (
					"$(SDKROOT)/Developer/Library/Frameworks",
					"$(inherited)",
				);
				GCC_PREPROCESSOR_DEFINITIONS = (
					"DEBUG=1",
					"$(inherited)",
				);
				INFOPLIST_FILE = "DotPaySDK-DemoTests/Info.plist";
				LD_RUNPATH_SEARCH_PATHS = "$(inherited) @executable_path/Frameworks @loader_path/Frameworks";
				PRODUCT_BUNDLE_IDENTIFIER = "pl.dotpay.$(PRODUCT_NAME:rfc1034identifier)";
				PRODUCT_NAME = "$(TARGET_NAME)";
				TEST_HOST = "$(BUILT_PRODUCTS_DIR)/DotPaySDK-Demo.app/DotPaySDK-Demo";
			};
			name = Debug;
		};
		F93569BA1B74F67E00855FE7 /* Release */ = {
			isa = XCBuildConfiguration;
			buildSettings = {
				BUNDLE_LOADER = "$(TEST_HOST)";
				FRAMEWORK_SEARCH_PATHS = (
					"$(SDKROOT)/Developer/Library/Frameworks",
					"$(inherited)",
				);
				INFOPLIST_FILE = "DotPaySDK-DemoTests/Info.plist";
				LD_RUNPATH_SEARCH_PATHS = "$(inherited) @executable_path/Frameworks @loader_path/Frameworks";
				PRODUCT_BUNDLE_IDENTIFIER = "pl.dotpay.$(PRODUCT_NAME:rfc1034identifier)";
				PRODUCT_NAME = "$(TARGET_NAME)";
				TEST_HOST = "$(BUILT_PRODUCTS_DIR)/DotPaySDK-Demo.app/DotPaySDK-Demo";
			};
			name = Release;
		};
/* End XCBuildConfiguration section */

/* Begin XCConfigurationList section */
		F935698A1B74F67E00855FE7 /* Build configuration list for PBXProject "DotPaySDK-Demo" */ = {
			isa = XCConfigurationList;
			buildConfigurations = (
				F93569B31B74F67E00855FE7 /* Debug */,
				F93569B41B74F67E00855FE7 /* Release */,
			);
			defaultConfigurationIsVisible = 0;
			defaultConfigurationName = Release;
		};
		F93569B51B74F67E00855FE7 /* Build configuration list for PBXNativeTarget "DotPaySDK-Demo" */ = {
			isa = XCConfigurationList;
			buildConfigurations = (
				F93569B61B74F67E00855FE7 /* Debug */,
				F93569B71B74F67E00855FE7 /* Release */,
			);
			defaultConfigurationIsVisible = 0;
			defaultConfigurationName = Release;
		};
		F93569B81B74F67E00855FE7 /* Build configuration list for PBXNativeTarget "DotPaySDK-DemoTests" */ = {
			isa = XCConfigurationList;
			buildConfigurations = (
				F93569B91B74F67E00855FE7 /* Debug */,
				F93569BA1B74F67E00855FE7 /* Release */,
			);
			defaultConfigurationIsVisible = 0;
			defaultConfigurationName = Release;
		};
/* End XCConfigurationList section */
	};
	rootObject = F93569871B74F67E00855FE7 /* Project object */;
}
